
Microsoft Visual Studio Solution File, Format Version 12.00
# Visual Studio Version 16
VisualStudioVersion = 16.0.29215.179
MinimumVisualStudioVersion = 10.0.40219.1
Project("{9A19103F-16F7-4668-BE54-9A1E7A4F7556}") = "ConsoleDemo", "ConsoleDemo\ConsoleDemo.csproj", "{6E1E8910-3412-45B3-8387-83D5DFC7FA16}"
EndProject
Project("{9A19103F-16F7-4668-BE54-9A1E7A4F7556}") = "ConsoleDemoTest", "ConsoleDemoTest\ConsoleDemoTest.csproj", "{9C1625B4-9AD8-45D3-8E95-1DD96CE77B1B}"
EndProject
Project("{FAE04EC0-301F-11D3-BF4B-00C04F79EFBC}") = "DemoContext", "DemoContext\DemoContext.csproj", "{348A1936-EB73-4706-B53A-067E41999452}"
EndProject
Global
	GlobalSection(SolutionConfigurationPlatforms) = preSolution
		Debug|Any CPU = Debug|Any CPU
		Release|Any CPU = Release|Any CPU
	EndGlobalSection
	GlobalSection(ProjectConfigurationPlatforms) = postSolution
		{6E1E8910-3412-45B3-8387-83D5DFC7FA16}.Debug|Any CPU.ActiveCfg = Debug|Any CPU
		{6E1E8910-3412-45B3-8387-83D5DFC7FA16}.Debug|Any CPU.Build.0 = Debug|Any CPU
		{6E1E8910-3412-45B3-8387-83D5DFC7FA16}.Release|Any CPU.ActiveCfg = Release|Any CPU
		{6E1E8910-3412-45B3-8387-83D5DFC7FA16}.Release|Any CPU.Build.0 = Release|Any CPU
		{9C1625B4-9AD8-45D3-8E95-1DD96CE77B1B}.Debug|Any CPU.ActiveCfg = Debug|Any CPU
		{9C1625B4-9AD8-45D3-8E95-1DD96CE77B1B}.Debug|Any CPU.Build.0 = Debug|Any CPU
		{9C1625B4-9AD8-45D3-8E95-1DD96CE77B1B}.Release|Any CPU.ActiveCfg = Release|Any CPU
		{9C1625B4-9AD8-45D3-8E95-1DD96CE77B1B}.Release|Any CPU.Build.0 = Release|Any CPU
		{348A1936-EB73-4706-B53A-067E41999452}.Debug|Any CPU.ActiveCfg = Debug|Any CPU
		{348A1936-EB73-4706-B53A-067E41999452}.Debug|Any CPU.Build.0 = Debug|Any CPU
		{348A1936-EB73-4706-B53A-067E41999452}.Release|Any CPU.ActiveCfg = Release|Any CPU
		{348A1936-EB73-4706-B53A-067E41999452}.Release|Any CPU.Build.0 = Release|Any CPU
	EndGlobalSection
	GlobalSection(SolutionProperties) = preSolution
		HideSolutionNode = FALSE
	EndGlobalSection
	GlobalSection(ExtensibilityGlobals) = postSolution
		SolutionGuid = {ABD8EAE7-9592-413D-9E5A-CA930D019516}
	EndGlobalSection
EndGlobal
